
Microsoft Visual Studio Solution File, Format Version 12.00
# Visual Studio Version 17
VisualStudioVersion = 17.12.35521.163
MinimumVisualStudioVersion = 10.0.40219.1
Project("{FAE04EC0-301F-11D3-BF4B-00C04F79EFBC}") = "AIERA.AIEmailClient", "AIERA.AIEmailClient\AIERA.AIEmailClient.csproj", "{13E221E6-C4F9-4392-9666-FD5DB464A881}"
EndProject
Project("{FAE04EC0-301F-11D3-BF4B-00C04F79EFBC}") = "Common", "Common\Common.csproj", "{9B653717-3590-43EB-9A61-0724C904A845}"
EndProject
Project("{FAE04EC0-301F-11D3-BF4B-00C04F79EFBC}") = "AIERA.API", "AIERA.API\AIERA.API.csproj", "{CAC659A0-0B62-44D6-9138-3BF72D4F084E}"
EndProject
Project("{FAE04EC0-301F-11D3-BF4B-00C04F79EFBC}") = "AIERA.Desktop.WinForms", "AIERA.Desktop.WinForms\AIERA.Desktop.WinForms.csproj", "{8163A6CB-3684-4D50-BF28-3DED5FBAA942}"
EndProject
Project("{C7167F0D-BC9F-4E6E-AFE1-012C56B48DB5}") = "AIERA.Desktop.WinForms.MSIX", "AIERA.Desktop.WinForms.MSIX\AIERA.Desktop.WinForms.MSIX.wapproj", "{83160635-E732-4284-80B5-B6FD59BEBCF1}"
EndProject
Project("{FAE04EC0-301F-11D3-BF4B-00C04F79EFBC}") = "AIERA.AIChatClient", "AIERA.AIChatClient\AIERA.AIChatClient.csproj", "{08022C58-5757-48CF-8076-6161F4F7FA24}"
EndProject
Global
	GlobalSection(SolutionConfigurationPlatforms) = preSolution
		Debug|Any CPU = Debug|Any CPU
		Debug|ARM = Debug|ARM
		Debug|ARM64 = Debug|ARM64
		Debug|x64 = Debug|x64
		Debug|x86 = Debug|x86
		Release|Any CPU = Release|Any CPU
		Release|ARM = Release|ARM
		Release|ARM64 = Release|ARM64
		Release|x64 = Release|x64
		Release|x86 = Release|x86
	EndGlobalSection
	GlobalSection(ProjectConfigurationPlatforms) = postSolution
		{13E221E6-C4F9-4392-9666-FD5DB464A881}.Debug|Any CPU.ActiveCfg = Debug|Any CPU
		{13E221E6-C4F9-4392-9666-FD5DB464A881}.Debug|Any CPU.Build.0 = Debug|Any CPU
		{13E221E6-C4F9-4392-9666-FD5DB464A881}.Debug|ARM.ActiveCfg = Debug|Any CPU
		{13E221E6-C4F9-4392-9666-FD5DB464A881}.Debug|ARM.Build.0 = Debug|Any CPU
		{13E221E6-C4F9-4392-9666-FD5DB464A881}.Debug|ARM64.ActiveCfg = Debug|Any CPU
		{13E221E6-C4F9-4392-9666-FD5DB464A881}.Debug|ARM64.Build.0 = Debug|Any CPU
		{13E221E6-C4F9-4392-9666-FD5DB464A881}.Debug|x64.ActiveCfg = Debug|Any CPU
		{13E221E6-C4F9-4392-9666-FD5DB464A881}.Debug|x64.Build.0 = Debug|Any CPU
		{13E221E6-C4F9-4392-9666-FD5DB464A881}.Debug|x86.ActiveCfg = Debug|Any CPU
		{13E221E6-C4F9-4392-9666-FD5DB464A881}.Debug|x86.Build.0 = Debug|Any CPU
		{13E221E6-C4F9-4392-9666-FD5DB464A881}.Release|Any CPU.ActiveCfg = Release|Any CPU
		{13E221E6-C4F9-4392-9666-FD5DB464A881}.Release|Any CPU.Build.0 = Release|Any CPU
		{13E221E6-C4F9-4392-9666-FD5DB464A881}.Release|ARM.ActiveCfg = Release|Any CPU
		{13E221E6-C4F9-4392-9666-FD5DB464A881}.Release|ARM.Build.0 = Release|Any CPU
		{13E221E6-C4F9-4392-9666-FD5DB464A881}.Release|ARM64.ActiveCfg = Release|Any CPU
		{13E221E6-C4F9-4392-9666-FD5DB464A881}.Release|ARM64.Build.0 = Release|Any CPU
		{13E221E6-C4F9-4392-9666-FD5DB464A881}.Release|x64.ActiveCfg = Release|Any CPU
		{13E221E6-C4F9-4392-9666-FD5DB464A881}.Release|x64.Build.0 = Release|Any CPU
		{13E221E6-C4F9-4392-9666-FD5DB464A881}.Release|x86.ActiveCfg = Release|Any CPU
		{13E221E6-C4F9-4392-9666-FD5DB464A881}.Release|x86.Build.0 = Release|Any CPU
		{9B653717-3590-43EB-9A61-0724C904A845}.Debug|Any CPU.ActiveCfg = Debug|Any CPU
		{9B653717-3590-43EB-9A61-0724C904A845}.Debug|Any CPU.Build.0 = Debug|Any CPU
		{9B653717-3590-43EB-9A61-0724C904A845}.Debug|ARM.ActiveCfg = Debug|Any CPU
		{9B653717-3590-43EB-9A61-0724C904A845}.Debug|ARM.Build.0 = Debug|Any CPU
		{9B653717-3590-43EB-9A61-0724C904A845}.Debug|ARM64.ActiveCfg = Debug|Any CPU
		{9B653717-3590-43EB-9A61-0724C904A845}.Debug|ARM64.Build.0 = Debug|Any CPU
		{9B653717-3590-43EB-9A61-0724C904A845}.Debug|x64.ActiveCfg = Debug|Any CPU
		{9B653717-3590-43EB-9A61-0724C904A845}.Debug|x64.Build.0 = Debug|Any CPU
		{9B653717-3590-43EB-9A61-0724C904A845}.Debug|x86.ActiveCfg = Debug|Any CPU
		{9B653717-3590-43EB-9A61-0724C904A845}.Debug|x86.Build.0 = Debug|Any CPU
		{9B653717-3590-43EB-9A61-0724C904A845}.Release|Any CPU.ActiveCfg = Release|Any CPU
		{9B653717-3590-43EB-9A61-0724C904A845}.Release|Any CPU.Build.0 = Release|Any CPU
		{9B653717-3590-43EB-9A61-0724C904A845}.Release|ARM.ActiveCfg = Release|Any CPU
		{9B653717-3590-43EB-9A61-0724C904A845}.Release|ARM.Build.0 = Release|Any CPU
		{9B653717-3590-43EB-9A61-0724C904A845}.Release|ARM64.ActiveCfg = Release|Any CPU
		{9B653717-3590-43EB-9A61-0724C904A845}.Release|ARM64.Build.0 = Release|Any CPU
		{9B653717-3590-43EB-9A61-0724C904A845}.Release|x64.ActiveCfg = Release|Any CPU
		{9B653717-3590-43EB-9A61-0724C904A845}.Release|x64.Build.0 = Release|Any CPU
		{9B653717-3590-43EB-9A61-0724C904A845}.Release|x86.ActiveCfg = Release|Any CPU
		{9B653717-3590-43EB-9A61-0724C904A845}.Release|x86.Build.0 = Release|Any CPU
		{CAC659A0-0B62-44D6-9138-3BF72D4F084E}.Debug|Any CPU.ActiveCfg = Debug|Any CPU
		{CAC659A0-0B62-44D6-9138-3BF72D4F084E}.Debug|Any CPU.Build.0 = Debug|Any CPU
		{CAC659A0-0B62-44D6-9138-3BF72D4F084E}.Debug|ARM.ActiveCfg = Debug|Any CPU
		{CAC659A0-0B62-44D6-9138-3BF72D4F084E}.Debug|ARM.Build.0 = Debug|Any CPU
		{CAC659A0-0B62-44D6-9138-3BF72D4F084E}.Debug|ARM64.ActiveCfg = Debug|Any CPU
		{CAC659A0-0B62-44D6-9138-3BF72D4F084E}.Debug|ARM64.Build.0 = Debug|Any CPU
		{CAC659A0-0B62-44D6-9138-3BF72D4F084E}.Debug|x64.ActiveCfg = Debug|Any CPU
		{CAC659A0-0B62-44D6-9138-3BF72D4F084E}.Debug|x64.Build.0 = Debug|Any CPU
		{CAC659A0-0B62-44D6-9138-3BF72D4F084E}.Debug|x86.ActiveCfg = Debug|Any CPU
		{CAC659A0-0B62-44D6-9138-3BF72D4F084E}.Debug|x86.Build.0 = Debug|Any CPU
		{CAC659A0-0B62-44D6-9138-3BF72D4F084E}.Release|Any CPU.ActiveCfg = Release|Any CPU
		{CAC659A0-0B62-44D6-9138-3BF72D4F084E}.Release|Any CPU.Build.0 = Release|Any CPU
		{CAC659A0-0B62-44D6-9138-3BF72D4F084E}.Release|ARM.ActiveCfg = Release|Any CPU
		{CAC659A0-0B62-44D6-9138-3BF72D4F084E}.Release|ARM.Build.0 = Release|Any CPU
		{CAC659A0-0B62-44D6-9138-3BF72D4F084E}.Release|ARM64.ActiveCfg = Release|Any CPU
		{CAC659A0-0B62-44D6-9138-3BF72D4F084E}.Release|ARM64.Build.0 = Release|Any CPU
		{CAC659A0-0B62-44D6-9138-3BF72D4F084E}.Release|x64.ActiveCfg = Release|Any CPU
		{CAC659A0-0B62-44D6-9138-3BF72D4F084E}.Release|x64.Build.0 = Release|Any CPU
		{CAC659A0-0B62-44D6-9138-3BF72D4F084E}.Release|x86.ActiveCfg = Release|Any CPU
		{CAC659A0-0B62-44D6-9138-3BF72D4F084E}.Release|x86.Build.0 = Release|Any CPU
		{8163A6CB-3684-4D50-BF28-3DED5FBAA942}.Debug|Any CPU.ActiveCfg = Debug|Any CPU
		{8163A6CB-3684-4D50-BF28-3DED5FBAA942}.Debug|Any CPU.Build.0 = Debug|Any CPU
		{8163A6CB-3684-4D50-BF28-3DED5FBAA942}.Debug|ARM.ActiveCfg = Debug|Any CPU
		{8163A6CB-3684-4D50-BF28-3DED5FBAA942}.Debug|ARM.Build.0 = Debug|Any CPU
		{8163A6CB-3684-4D50-BF28-3DED5FBAA942}.Debug|ARM64.ActiveCfg = Debug|Any CPU
		{8163A6CB-3684-4D50-BF28-3DED5FBAA942}.Debug|ARM64.Build.0 = Debug|Any CPU
		{8163A6CB-3684-4D50-BF28-3DED5FBAA942}.Debug|x64.ActiveCfg = Debug|Any CPU
		{8163A6CB-3684-4D50-BF28-3DED5FBAA942}.Debug|x64.Build.0 = Debug|Any CPU
		{8163A6CB-3684-4D50-BF28-3DED5FBAA942}.Debug|x86.ActiveCfg = Debug|Any CPU
		{8163A6CB-3684-4D50-BF28-3DED5FBAA942}.Debug|x86.Build.0 = Debug|Any CPU
		{8163A6CB-3684-4D50-BF28-3DED5FBAA942}.Release|Any CPU.ActiveCfg = Release|Any CPU
		{8163A6CB-3684-4D50-BF28-3DED5FBAA942}.Release|Any CPU.Build.0 = Release|Any CPU
		{8163A6CB-3684-4D50-BF28-3DED5FBAA942}.Release|ARM.ActiveCfg = Release|Any CPU
		{8163A6CB-3684-4D50-BF28-3DED5FBAA942}.Release|ARM.Build.0 = Release|Any CPU
		{8163A6CB-3684-4D50-BF28-3DED5FBAA942}.Release|ARM64.ActiveCfg = Release|Any CPU
		{8163A6CB-3684-4D50-BF28-3DED5FBAA942}.Release|ARM64.Build.0 = Release|Any CPU
		{8163A6CB-3684-4D50-BF28-3DED5FBAA942}.Release|x64.ActiveCfg = Release|Any CPU
		{8163A6CB-3684-4D50-BF28-3DED5FBAA942}.Release|x64.Build.0 = Release|Any CPU
		{8163A6CB-3684-4D50-BF28-3DED5FBAA942}.Release|x86.ActiveCfg = Release|Any CPU
		{8163A6CB-3684-4D50-BF28-3DED5FBAA942}.Release|x86.Build.0 = Release|Any CPU
		{83160635-E732-4284-80B5-B6FD59BEBCF1}.Debug|Any CPU.ActiveCfg = Debug|Any CPU
		{83160635-E732-4284-80B5-B6FD59BEBCF1}.Debug|Any CPU.Build.0 = Debug|Any CPU
		{83160635-E732-4284-80B5-B6FD59BEBCF1}.Debug|Any CPU.Deploy.0 = Debug|Any CPU
		{83160635-E732-4284-80B5-B6FD59BEBCF1}.Debug|ARM.ActiveCfg = Debug|ARM
		{83160635-E732-4284-80B5-B6FD59BEBCF1}.Debug|ARM.Build.0 = Debug|ARM
		{83160635-E732-4284-80B5-B6FD59BEBCF1}.Debug|ARM.Deploy.0 = Debug|ARM
		{83160635-E732-4284-80B5-B6FD59BEBCF1}.Debug|ARM64.ActiveCfg = Debug|ARM64
		{83160635-E732-4284-80B5-B6FD59BEBCF1}.Debug|ARM64.Build.0 = Debug|ARM64
		{83160635-E732-4284-80B5-B6FD59BEBCF1}.Debug|ARM64.Deploy.0 = Debug|ARM64
		{83160635-E732-4284-80B5-B6FD59BEBCF1}.Debug|x64.ActiveCfg = Debug|x64
		{83160635-E732-4284-80B5-B6FD59BEBCF1}.Debug|x64.Build.0 = Debug|x64
		{83160635-E732-4284-80B5-B6FD59BEBCF1}.Debug|x64.Deploy.0 = Debug|x64
		{83160635-E732-4284-80B5-B6FD59BEBCF1}.Debug|x86.ActiveCfg = Debug|x86
		{83160635-E732-4284-80B5-B6FD59BEBCF1}.Debug|x86.Build.0 = Debug|x86
		{83160635-E732-4284-80B5-B6FD59BEBCF1}.Debug|x86.Deploy.0 = Debug|x86
		{83160635-E732-4284-80B5-B6FD59BEBCF1}.Release|Any CPU.ActiveCfg = Release|Any CPU
		{83160635-E732-4284-80B5-B6FD59BEBCF1}.Release|Any CPU.Build.0 = Release|Any CPU
		{83160635-E732-4284-80B5-B6FD59BEBCF1}.Release|Any CPU.Deploy.0 = Release|Any CPU
		{83160635-E732-4284-80B5-B6FD59BEBCF1}.Release|ARM.ActiveCfg = Release|ARM
		{83160635-E732-4284-80B5-B6FD59BEBCF1}.Release|ARM.Build.0 = Release|ARM
		{83160635-E732-4284-80B5-B6FD59BEBCF1}.Release|ARM.Deploy.0 = Release|ARM
		{83160635-E732-4284-80B5-B6FD59BEBCF1}.Release|ARM64.ActiveCfg = Release|ARM64
		{83160635-E732-4284-80B5-B6FD59BEBCF1}.Release|ARM64.Build.0 = Release|ARM64
		{83160635-E732-4284-80B5-B6FD59BEBCF1}.Release|ARM64.Deploy.0 = Release|ARM64
		{83160635-E732-4284-80B5-B6FD59BEBCF1}.Release|x64.ActiveCfg = Release|x64
		{83160635-E732-4284-80B5-B6FD59BEBCF1}.Release|x64.Build.0 = Release|x64
		{83160635-E732-4284-80B5-B6FD59BEBCF1}.Release|x64.Deploy.0 = Release|x64
		{83160635-E732-4284-80B5-B6FD59BEBCF1}.Release|x86.ActiveCfg = Release|x86
		{83160635-E732-4284-80B5-B6FD59BEBCF1}.Release|x86.Build.0 = Release|x86
		{83160635-E732-4284-80B5-B6FD59BEBCF1}.Release|x86.Deploy.0 = Release|x86
		{08022C58-5757-48CF-8076-6161F4F7FA24}.Debug|Any CPU.ActiveCfg = Debug|Any CPU
		{08022C58-5757-48CF-8076-6161F4F7FA24}.Debug|Any CPU.Build.0 = Debug|Any CPU
		{08022C58-5757-48CF-8076-6161F4F7FA24}.Debug|ARM.ActiveCfg = Debug|Any CPU
		{08022C58-5757-48CF-8076-6161F4F7FA24}.Debug|ARM.Build.0 = Debug|Any CPU
		{08022C58-5757-48CF-8076-6161F4F7FA24}.Debug|ARM64.ActiveCfg = Debug|Any CPU
		{08022C58-5757-48CF-8076-6161F4F7FA24}.Debug|ARM64.Build.0 = Debug|Any CPU
		{08022C58-5757-48CF-8076-6161F4F7FA24}.Debug|x64.ActiveCfg = Debug|Any CPU
		{08022C58-5757-48CF-8076-6161F4F7FA24}.Debug|x64.Build.0 = Debug|Any CPU
		{08022C58-5757-48CF-8076-6161F4F7FA24}.Debug|x86.ActiveCfg = Debug|Any CPU
		{08022C58-5757-48CF-8076-6161F4F7FA24}.Debug|x86.Build.0 = Debug|Any CPU
		{08022C58-5757-48CF-8076-6161F4F7FA24}.Release|Any CPU.ActiveCfg = Release|Any CPU
		{08022C58-5757-48CF-8076-6161F4F7FA24}.Release|Any CPU.Build.0 = Release|Any CPU
		{08022C58-5757-48CF-8076-6161F4F7FA24}.Release|ARM.ActiveCfg = Release|Any CPU
		{08022C58-5757-48CF-8076-6161F4F7FA24}.Release|ARM.Build.0 = Release|Any CPU
		{08022C58-5757-48CF-8076-6161F4F7FA24}.Release|ARM64.ActiveCfg = Release|Any CPU
		{08022C58-5757-48CF-8076-6161F4F7FA24}.Release|ARM64.Build.0 = Release|Any CPU
		{08022C58-5757-48CF-8076-6161F4F7FA24}.Release|x64.ActiveCfg = Release|Any CPU
		{08022C58-5757-48CF-8076-6161F4F7FA24}.Release|x64.Build.0 = Release|Any CPU
		{08022C58-5757-48CF-8076-6161F4F7FA24}.Release|x86.ActiveCfg = Release|Any CPU
		{08022C58-5757-48CF-8076-6161F4F7FA24}.Release|x86.Build.0 = Release|Any CPU
	EndGlobalSection
	GlobalSection(SolutionProperties) = preSolution
		HideSolutionNode = FALSE
	EndGlobalSection
EndGlobal
